
Microsoft Visual Studio Solution File, Format Version 12.00
# Visual Studio Version 17
VisualStudioVersion = 17.5.33516.290
MinimumVisualStudioVersion = 10.0.40219.1
Project("{FAE04EC0-301F-11D3-BF4B-00C04F79EFBC}") = "Exercício Interface", "Exercício Interface\Exercício Interface.csproj", "{FBB2BE87-6E83-4A69-B3BC-E737C61DE715}"
EndProject
Global
	GlobalSection(SolutionConfigurationPlatforms) = preSolution
		Debug|Any CPU = Debug|Any CPU
		Release|Any CPU = Release|Any CPU
	EndGlobalSection
	GlobalSection(ProjectConfigurationPlatforms) = postSolution
		{FBB2BE87-6E83-4A69-B3BC-E737C61DE715}.Debug|Any CPU.ActiveCfg = Debug|Any CPU
		{FBB2BE87-6E83-4A69-B3BC-E737C61DE715}.Debug|Any CPU.Build.0 = Debug|Any CPU
		{FBB2BE87-6E83-4A69-B3BC-E737C61DE715}.Release|Any CPU.ActiveCfg = Release|Any CPU
		{FBB2BE87-6E83-4A69-B3BC-E737C61DE715}.Release|Any CPU.Build.0 = Release|Any CPU
	EndGlobalSection
	GlobalSection(SolutionProperties) = preSolution
		HideSolutionNode = FALSE
	EndGlobalSection
	GlobalSection(ExtensibilityGlobals) = postSolution
		SolutionGuid = {1200071A-64CB-400A-9E32-70DAD736B445}
	EndGlobalSection
EndGlobal
